
Microsoft Visual Studio Solution File, Format Version 12.00
# Visual Studio Version 17
VisualStudioVersion = 17.0.31919.166
MinimumVisualStudioVersion = 10.0.40219.1
Project("{FAE04EC0-301F-11D3-BF4B-00C04F79EFBC}") = "GmailAuthorization", "GmailAuthorization\GmailAuthorization.csproj", "{329450BB-2200-4BE1-AA45-EA5F8BCAEDCD}"
EndProject
Global
	GlobalSection(SolutionConfigurationPlatforms) = preSolution
		Debug|Any CPU = Debug|Any CPU
		Release|Any CPU = Release|Any CPU
	EndGlobalSection
	GlobalSection(ProjectConfigurationPlatforms) = postSolution
		{329450BB-2200-4BE1-AA45-EA5F8BCAEDCD}.Debug|Any CPU.ActiveCfg = Debug|Any CPU
		{329450BB-2200-4BE1-AA45-EA5F8BCAEDCD}.Debug|Any CPU.Build.0 = Debug|Any CPU
		{329450BB-2200-4BE1-AA45-EA5F8BCAEDCD}.Release|Any CPU.ActiveCfg = Release|Any CPU
		{329450BB-2200-4BE1-AA45-EA5F8BCAEDCD}.Release|Any CPU.Build.0 = Release|Any CPU
	EndGlobalSection
	GlobalSection(SolutionProperties) = preSolution
		HideSolutionNode = FALSE
	EndGlobalSection
	GlobalSection(ExtensibilityGlobals) = postSolution
		SolutionGuid = {5A87E80F-5BC1-4E74-9841-48F41BAAAE8C}
	EndGlobalSection
EndGlobal
